// !$*UTF8*$!
{
	archiveVersion = 1;
	classes = {
	};
	objectVersion = 50;
	objects = {

/* Begin PBXBuildFile section */
		525ADAFA26A39CB400E7082C /* LandmarksApp.swift in Sources */ = {isa = PBXBuildFile; fileRef = 525ADAF926A39CB400E7082C /* LandmarksApp.swift */; };
		525ADAFC26A39CB400E7082C /* ContentView.swift in Sources */ = {isa = PBXBuildFile; fileRef = 525ADAFB26A39CB400E7082C /* ContentView.swift */; };
		525ADAFE26A39CB700E7082C /* Assets.xcassets in Resources */ = {isa = PBXBuildFile; fileRef = 525ADAFD26A39CB700E7082C /* Assets.xcassets */; };
		525ADB0126A39CB700E7082C /* Preview Assets.xcassets in Resources */ = {isa = PBXBuildFile; fileRef = 525ADB0026A39CB700E7082C /* Preview Assets.xcassets */; };
		525ADB0C26A39CB700E7082C /* LandmarksTests.swift in Sources */ = {isa = PBXBuildFile; fileRef = 525ADB0B26A39CB700E7082C /* LandmarksTests.swift */; };
		525ADB1726A39CB700E7082C /* LandmarksUITests.swift in Sources */ = {isa = PBXBuildFile; fileRef = 525ADB1626A39CB700E7082C /* LandmarksUITests.swift */; };
		5264D35C26A6733B00A6D630 /* FavoriteButton.swift in Sources */ = {isa = PBXBuildFile; fileRef = 5264D35B26A6733B00A6D630 /* FavoriteButton.swift */; };
		5264D36026A791AC00A6D630 /* HexagonParameters.swift in Sources */ = {isa = PBXBuildFile; fileRef = 5264D35F26A791AC00A6D630 /* HexagonParameters.swift */; };
		5264D36226A7964300A6D630 /* BadgeBackground.swift in Sources */ = {isa = PBXBuildFile; fileRef = 5264D36126A7964300A6D630 /* BadgeBackground.swift */; };
		5264D36426A7A5AF00A6D630 /* BadgeSymbol.swift in Sources */ = {isa = PBXBuildFile; fileRef = 5264D36326A7A5AF00A6D630 /* BadgeSymbol.swift */; };
		5264D36626A7ABBA00A6D630 /* RotatedBadgeSymbol.swift in Sources */ = {isa = PBXBuildFile; fileRef = 5264D36526A7ABBA00A6D630 /* RotatedBadgeSymbol.swift */; };
		5264D36826A7AE7100A6D630 /* Badge.swift in Sources */ = {isa = PBXBuildFile; fileRef = 5264D36726A7AE7100A6D630 /* Badge.swift */; };
		52B21E5526A3A772006137D8 /* CircleImage.swift in Sources */ = {isa = PBXBuildFile; fileRef = 52B21E5426A3A772006137D8 /* CircleImage.swift */; };
		52B21E5726A3AA52006137D8 /* MapView.swift in Sources */ = {isa = PBXBuildFile; fileRef = 52B21E5626A3AA52006137D8 /* MapView.swift */; };
		52B21E5926A3B70C006137D8 /* landmarkData.json in Resources */ = {isa = PBXBuildFile; fileRef = 52B21E5826A3B70C006137D8 /* landmarkData.json */; };
		52B21E5B26A3B75B006137D8 /* Landmark.swift in Sources */ = {isa = PBXBuildFile; fileRef = 52B21E5A26A3B75B006137D8 /* Landmark.swift */; };
		52B21E5D26A3BB1E006137D8 /* ModelData.swift in Sources */ = {isa = PBXBuildFile; fileRef = 52B21E5C26A3BB1E006137D8 /* ModelData.swift */; };
		52B21E6426A4A3EA006137D8 /* LandmarkRow.swift in Sources */ = {isa = PBXBuildFile; fileRef = 52B21E6326A4A3EA006137D8 /* LandmarkRow.swift */; };
		52B21E6626A4AB9F006137D8 /* LandmarkList.swift in Sources */ = {isa = PBXBuildFile; fileRef = 52B21E6526A4AB9F006137D8 /* LandmarkList.swift */; };
		52B21E6826A4BF49006137D8 /* LandmarkDetail.swift in Sources */ = {isa = PBXBuildFile; fileRef = 52B21E6726A4BF49006137D8 /* LandmarkDetail.swift */; };
/* End PBXBuildFile section */

/* Begin PBXContainerItemProxy section */
		525ADB0826A39CB700E7082C /* PBXContainerItemProxy */ = {
			isa = PBXContainerItemProxy;
			containerPortal = 525ADAEE26A39CB400E7082C /* Project object */;
			proxyType = 1;
			remoteGlobalIDString = 525ADAF526A39CB400E7082C;
			remoteInfo = Landmarks;
		};
		525ADB1326A39CB700E7082C /* PBXContainerItemProxy */ = {
			isa = PBXContainerItemProxy;
			containerPortal = 525ADAEE26A39CB400E7082C /* Project object */;
			proxyType = 1;
			remoteGlobalIDString = 525ADAF526A39CB400E7082C;
			remoteInfo = Landmarks;
		};
/* End PBXContainerItemProxy section */

/* Begin PBXFileReference section */
		525ADAF626A39CB400E7082C /* Landmarks.app */ = {isa = PBXFileReference; explicitFileType = wrapper.application; includeInIndex = 0; path = Landmarks.app; sourceTree = BUILT_PRODUCTS_DIR; };
		525ADAF926A39CB400E7082C /* LandmarksApp.swift */ = {isa = PBXFileReference; lastKnownFileType = sourcecode.swift; path = LandmarksApp.swift; sourceTree = "<group>"; };
		525ADAFB26A39CB400E7082C /* ContentView.swift */ = {isa = PBXFileReference; lastKnownFileType = sourcecode.swift; path = ContentView.swift; sourceTree = "<group>"; };
		525ADAFD26A39CB700E7082C /* Assets.xcassets */ = {isa = PBXFileReference; lastKnownFileType = folder.assetcatalog; path = Assets.xcassets; sourceTree = "<group>"; };
		525ADB0026A39CB700E7082C /* Preview Assets.xcassets */ = {isa = PBXFileReference; lastKnownFileType = folder.assetcatalog; path = "Preview Assets.xcassets"; sourceTree = "<group>"; };
		525ADB0226A39CB700E7082C /* Info.plist */ = {isa = PBXFileReference; lastKnownFileType = text.plist.xml; path = Info.plist; sourceTree = "<group>"; };
		525ADB0726A39CB700E7082C /* LandmarksTests.xctest */ = {isa = PBXFileReference; explicitFileType = wrapper.cfbundle; includeInIndex = 0; path = LandmarksTests.xctest; sourceTree = BUILT_PRODUCTS_DIR; };
		525ADB0B26A39CB700E7082C /* LandmarksTests.swift */ = {isa = PBXFileReference; lastKnownFileType = sourcecode.swift; path = LandmarksTests.swift; sourceTree = "<group>"; };
		525ADB0D26A39CB700E7082C /* Info.plist */ = {isa = PBXFileReference; lastKnownFileType = text.plist.xml; path = Info.plist; sourceTree = "<group>"; };
		525ADB1226A39CB700E7082C /* LandmarksUITests.xctest */ = {isa = PBXFileReference; explicitFileType = wrapper.cfbundle; includeInIndex = 0; path = LandmarksUITests.xctest; sourceTree = BUILT_PRODUCTS_DIR; };
		525ADB1626A39CB700E7082C /* LandmarksUITests.swift */ = {isa = PBXFileReference; lastKnownFileType = sourcecode.swift; path = LandmarksUITests.swift; sourceTree = "<group>"; };
		525ADB1826A39CB700E7082C /* Info.plist */ = {isa = PBXFileReference; lastKnownFileType = text.plist.xml; path = Info.plist; sourceTree = "<group>"; };
		5264D35B26A6733B00A6D630 /* FavoriteButton.swift */ = {isa = PBXFileReference; lastKnownFileType = sourcecode.swift; path = FavoriteButton.swift; sourceTree = "<group>"; };
		5264D35F26A791AC00A6D630 /* HexagonParameters.swift */ = {isa = PBXFileReference; lastKnownFileType = sourcecode.swift; path = HexagonParameters.swift; sourceTree = "<group>"; };
		5264D36126A7964300A6D630 /* BadgeBackground.swift */ = {isa = PBXFileReference; lastKnownFileType = sourcecode.swift; path = BadgeBackground.swift; sourceTree = "<group>"; };
		5264D36326A7A5AF00A6D630 /* BadgeSymbol.swift */ = {isa = PBXFileReference; lastKnownFileType = sourcecode.swift; path = BadgeSymbol.swift; sourceTree = "<group>"; };
		5264D36526A7ABBA00A6D630 /* RotatedBadgeSymbol.swift */ = {isa = PBXFileReference; lastKnownFileType = sourcecode.swift; path = RotatedBadgeSymbol.swift; sourceTree = "<group>"; };
		5264D36726A7AE7100A6D630 /* Badge.swift */ = {isa = PBXFileReference; lastKnownFileType = sourcecode.swift; path = Badge.swift; sourceTree = "<group>"; };
		52B21E5426A3A772006137D8 /* CircleImage.swift */ = {isa = PBXFileReference; lastKnownFileType = sourcecode.swift; path = CircleImage.swift; sourceTree = "<group>"; };
		52B21E5626A3AA52006137D8 /* MapView.swift */ = {isa = PBXFileReference; lastKnownFileType = sourcecode.swift; path = MapView.swift; sourceTree = "<group>"; };
		52B21E5826A3B70C006137D8 /* landmarkData.json */ = {isa = PBXFileReference; fileEncoding = 4; lastKnownFileType = text.json; path = landmarkData.json; sourceTree = "<group>"; };
		52B21E5A26A3B75B006137D8 /* Landmark.swift */ = {isa = PBXFileReference; lastKnownFileType = sourcecode.swift; path = Landmark.swift; sourceTree = "<group>"; };
		52B21E5C26A3BB1E006137D8 /* ModelData.swift */ = {isa = PBXFileReference; lastKnownFileType = sourcecode.swift; path = ModelData.swift; sourceTree = "<group>"; };
		52B21E6326A4A3EA006137D8 /* LandmarkRow.swift */ = {isa = PBXFileReference; lastKnownFileType = sourcecode.swift; path = LandmarkRow.swift; sourceTree = "<group>"; };
		52B21E6526A4AB9F006137D8 /* LandmarkList.swift */ = {isa = PBXFileReference; lastKnownFileType = sourcecode.swift; path = LandmarkList.swift; sourceTree = "<group>"; };
		52B21E6726A4BF49006137D8 /* LandmarkDetail.swift */ = {isa = PBXFileReference; lastKnownFileType = sourcecode.swift; path = LandmarkDetail.swift; sourceTree = "<group>"; };
/* End PBXFileReference section */

/* Begin PBXFrameworksBuildPhase section */
		525ADAF326A39CB400E7082C /* Frameworks */ = {
			isa = PBXFrameworksBuildPhase;
			buildActionMask = 2147483647;
			files = (
			);
			runOnlyForDeploymentPostprocessing = 0;
		};
		525ADB0426A39CB700E7082C /* Frameworks */ = {
			isa = PBXFrameworksBuildPhase;
			buildActionMask = 2147483647;
			files = (
			);
			runOnlyForDeploymentPostprocessing = 0;
		};
		525ADB0F26A39CB700E7082C /* Frameworks */ = {
			isa = PBXFrameworksBuildPhase;
			buildActionMask = 2147483647;
			files = (
			);
			runOnlyForDeploymentPostprocessing = 0;
		};
/* End PBXFrameworksBuildPhase section */

/* Begin PBXGroup section */
		525ADAED26A39CB400E7082C = {
			isa = PBXGroup;
			children = (
				525ADAF826A39CB400E7082C /* Landmarks */,
				525ADB0A26A39CB700E7082C /* LandmarksTests */,
				525ADB1526A39CB700E7082C /* LandmarksUITests */,
				525ADAF726A39CB400E7082C /* Products */,
			);
			sourceTree = "<group>";
		};
		525ADAF726A39CB400E7082C /* Products */ = {
			isa = PBXGroup;
			children = (
				525ADAF626A39CB400E7082C /* Landmarks.app */,
				525ADB0726A39CB700E7082C /* LandmarksTests.xctest */,
				525ADB1226A39CB700E7082C /* LandmarksUITests.xctest */,
			);
			name = Products;
			sourceTree = "<group>";
		};
		525ADAF826A39CB400E7082C /* Landmarks */ = {
			isa = PBXGroup;
			children = (
				525ADAF926A39CB400E7082C /* LandmarksApp.swift */,
				52B21E5F26A3BF76006137D8 /* Model */,
				525ADAFD26A39CB700E7082C /* Assets.xcassets */,
				52B21E5E26A3BF37006137D8 /* Views */,
				52B21E6026A3BF8F006137D8 /* Resources */,
				525ADB0226A39CB700E7082C /* Info.plist */,
				525ADAFF26A39CB700E7082C /* Preview Content */,
			);
			path = Landmarks;
			sourceTree = "<group>";
		};
		525ADAFF26A39CB700E7082C /* Preview Content */ = {
			isa = PBXGroup;
			children = (
				525ADB0026A39CB700E7082C /* Preview Assets.xcassets */,
			);
			path = "Preview Content";
			sourceTree = "<group>";
		};
		525ADB0A26A39CB700E7082C /* LandmarksTests */ = {
			isa = PBXGroup;
			children = (
				525ADB0B26A39CB700E7082C /* LandmarksTests.swift */,
				525ADB0D26A39CB700E7082C /* Info.plist */,
			);
			path = LandmarksTests;
			sourceTree = "<group>";
		};
		525ADB1526A39CB700E7082C /* LandmarksUITests */ = {
			isa = PBXGroup;
			children = (
				525ADB1626A39CB700E7082C /* LandmarksUITests.swift */,
				525ADB1826A39CB700E7082C /* Info.plist */,
			);
			path = LandmarksUITests;
			sourceTree = "<group>";
		};
		5264D35D26A6753200A6D630 /* Helpers */ = {
			isa = PBXGroup;
			children = (
				5264D35B26A6733B00A6D630 /* FavoriteButton.swift */,
				52B21E5426A3A772006137D8 /* CircleImage.swift */,
				52B21E5626A3AA52006137D8 /* MapView.swift */,
			);
			path = Helpers;
			sourceTree = "<group>";
		};
		5264D35E26A6755100A6D630 /* Landmarks */ = {
			isa = PBXGroup;
			children = (
				52B21E6326A4A3EA006137D8 /* LandmarkRow.swift */,
				52B21E6526A4AB9F006137D8 /* LandmarkList.swift */,
				52B21E6726A4BF49006137D8 /* LandmarkDetail.swift */,
			);
			path = Landmarks;
			sourceTree = "<group>";
		};
		5264D36926A7B4C900A6D630 /* Badges */ = {
			isa = PBXGroup;
			children = (
				5264D36326A7A5AF00A6D630 /* BadgeSymbol.swift */,
				5264D36526A7ABBA00A6D630 /* RotatedBadgeSymbol.swift */,
				5264D36726A7AE7100A6D630 /* Badge.swift */,
				5264D35F26A791AC00A6D630 /* HexagonParameters.swift */,
				5264D36126A7964300A6D630 /* BadgeBackground.swift */,
			);
			path = Badges;
			sourceTree = "<group>";
		};
		52B21E5E26A3BF37006137D8 /* Views */ = {
			isa = PBXGroup;
			children = (
				5264D36926A7B4C900A6D630 /* Badges */,
				525ADAFB26A39CB400E7082C /* ContentView.swift */,
				5264D35D26A6753200A6D630 /* Helpers */,
				5264D35E26A6755100A6D630 /* Landmarks */,
			);
			path = Views;
			sourceTree = "<group>";
		};
		52B21E5F26A3BF76006137D8 /* Model */ = {
			isa = PBXGroup;
			children = (
				52B21E5A26A3B75B006137D8 /* Landmark.swift */,
				52B21E5C26A3BB1E006137D8 /* ModelData.swift */,
			);
			path = Model;
			sourceTree = "<group>";
		};
		52B21E6026A3BF8F006137D8 /* Resources */ = {
			isa = PBXGroup;
			children = (
				52B21E5826A3B70C006137D8 /* landmarkData.json */,
			);
			path = Resources;
			sourceTree = "<group>";
		};
/* End PBXGroup section */

/* Begin PBXNativeTarget section */
		525ADAF526A39CB400E7082C /* Landmarks */ = {
			isa = PBXNativeTarget;
			buildConfigurationList = 525ADB1B26A39CB700E7082C /* Build configuration list for PBXNativeTarget "Landmarks" */;
			buildPhases = (
				525ADAF226A39CB400E7082C /* Sources */,
				525ADAF326A39CB400E7082C /* Frameworks */,
				525ADAF426A39CB400E7082C /* Resources */,
			);
			buildRules = (
			);
			dependencies = (
			);
			name = Landmarks;
			productName = Landmarks;
			productReference = 525ADAF626A39CB400E7082C /* Landmarks.app */;
			productType = "com.apple.product-type.application";
		};
		525ADB0626A39CB700E7082C /* LandmarksTests */ = {
			isa = PBXNativeTarget;
			buildConfigurationList = 525ADB1E26A39CB800E7082C /* Build configuration list for PBXNativeTarget "LandmarksTests" */;
			buildPhases = (
				525ADB0326A39CB700E7082C /* Sources */,
				525ADB0426A39CB700E7082C /* Frameworks */,
				525ADB0526A39CB700E7082C /* Resources */,
			);
			buildRules = (
			);
			dependencies = (
				525ADB0926A39CB700E7082C /* PBXTargetDependency */,
			);
			name = LandmarksTests;
			productName = LandmarksTests;
			productReference = 525ADB0726A39CB700E7082C /* LandmarksTests.xctest */;
			productType = "com.apple.product-type.bundle.unit-test";
		};
		525ADB1126A39CB700E7082C /* LandmarksUITests */ = {
			isa = PBXNativeTarget;
			buildConfigurationList = 525ADB2126A39CB800E7082C /* Build configuration list for PBXNativeTarget "LandmarksUITests" */;
			buildPhases = (
				525ADB0E26A39CB700E7082C /* Sources */,
				525ADB0F26A39CB700E7082C /* Frameworks */,
				525ADB1026A39CB700E7082C /* Resources */,
			);
			buildRules = (
			);
			dependencies = (
				525ADB1426A39CB700E7082C /* PBXTargetDependency */,
			);
			name = LandmarksUITests;
			productName = LandmarksUITests;
			productReference = 525ADB1226A39CB700E7082C /* LandmarksUITests.xctest */;
			productType = "com.apple.product-type.bundle.ui-testing";
		};
/* End PBXNativeTarget section */

/* Begin PBXProject section */
		525ADAEE26A39CB400E7082C /* Project object */ = {
			isa = PBXProject;
			attributes = {
				LastSwiftUpdateCheck = 1250;
				LastUpgradeCheck = 1250;
				TargetAttributes = {
					525ADAF526A39CB400E7082C = {
						CreatedOnToolsVersion = 12.5.1;
					};
					525ADB0626A39CB700E7082C = {
						CreatedOnToolsVersion = 12.5.1;
						TestTargetID = 525ADAF526A39CB400E7082C;
					};
					525ADB1126A39CB700E7082C = {
						CreatedOnToolsVersion = 12.5.1;
						TestTargetID = 525ADAF526A39CB400E7082C;
					};
				};
			};
			buildConfigurationList = 525ADAF126A39CB400E7082C /* Build configuration list for PBXProject "Landmarks" */;
			compatibilityVersion = "Xcode 9.3";
			developmentRegion = en;
			hasScannedForEncodings = 0;
			knownRegions = (
				en,
				Base,
			);
			mainGroup = 525ADAED26A39CB400E7082C;
			productRefGroup = 525ADAF726A39CB400E7082C /* Products */;
			projectDirPath = "";
			projectRoot = "";
			targets = (
				525ADAF526A39CB400E7082C /* Landmarks */,
				525ADB0626A39CB700E7082C /* LandmarksTests */,
				525ADB1126A39CB700E7082C /* LandmarksUITests */,
			);
		};
/* End PBXProject section */

/* Begin PBXResourcesBuildPhase section */
		525ADAF426A39CB400E7082C /* Resources */ = {
			isa = PBXResourcesBuildPhase;
			buildActionMask = 2147483647;
			files = (
				525ADB0126A39CB700E7082C /* Preview Assets.xcassets in Resources */,
				525ADAFE26A39CB700E7082C /* Assets.xcassets in Resources */,
				52B21E5926A3B70C006137D8 /* landmarkData.json in Resources */,
			);
			runOnlyForDeploymentPostprocessing = 0;
		};
		525ADB0526A39CB700E7082C /* Resources */ = {
			isa = PBXResourcesBuildPhase;
			buildActionMask = 2147483647;
			files = (
			);
			runOnlyForDeploymentPostprocessing = 0;
		};
		525ADB1026A39CB700E7082C /* Resources */ = {
			isa = PBXResourcesBuildPhase;
			buildActionMask = 2147483647;
			files = (
			);
			runOnlyForDeploymentPostprocessing = 0;
		};
/* End PBXResourcesBuildPhase section */

/* Begin PBXSourcesBuildPhase section */
		525ADAF226A39CB400E7082C /* Sources */ = {
			isa = PBXSourcesBuildPhase;
			buildActionMask = 2147483647;
			files = (
				525ADAFC26A39CB400E7082C /* ContentView.swift in Sources */,
				5264D36826A7AE7100A6D630 /* Badge.swift in Sources */,
				52B21E5726A3AA52006137D8 /* MapView.swift in Sources */,
				525ADAFA26A39CB400E7082C /* LandmarksApp.swift in Sources */,
				5264D35C26A6733B00A6D630 /* FavoriteButton.swift in Sources */,
				5264D36026A791AC00A6D630 /* HexagonParameters.swift in Sources */,
				5264D36426A7A5AF00A6D630 /* BadgeSymbol.swift in Sources */,
				52B21E6626A4AB9F006137D8 /* LandmarkList.swift in Sources */,
				52B21E6826A4BF49006137D8 /* LandmarkDetail.swift in Sources */,
				5264D36226A7964300A6D630 /* BadgeBackground.swift in Sources */,
				52B21E5526A3A772006137D8 /* CircleImage.swift in Sources */,
				52B21E5B26A3B75B006137D8 /* Landmark.swift in Sources */,
				5264D36626A7ABBA00A6D630 /* RotatedBadgeSymbol.swift in Sources */,
				52B21E6426A4A3EA006137D8 /* LandmarkRow.swift in Sources */,
				52B21E5D26A3BB1E006137D8 /* ModelData.swift in Sources */,
			);
			runOnlyForDeploymentPostprocessing = 0;
		};
		525ADB0326A39CB700E7082C /* Sources */ = {
			isa = PBXSourcesBuildPhase;
			buildActionMask = 2147483647;
			files = (
				525ADB0C26A39CB700E7082C /* LandmarksTests.swift in Sources */,
			);
			runOnlyForDeploymentPostprocessing = 0;
		};
		525ADB0E26A39CB700E7082C /* Sources */ = {
			isa = PBXSourcesBuildPhase;
			buildActionMask = 2147483647;
			files = (
				525ADB1726A39CB700E7082C /* LandmarksUITests.swift in Sources */,
			);
			runOnlyForDeploymentPostprocessing = 0;
		};
/* End PBXSourcesBuildPhase section */

/* Begin PBXTargetDependency section */
		525ADB0926A39CB700E7082C /* PBXTargetDependency */ = {
			isa = PBXTargetDependency;
			target = 525ADAF526A39CB400E7082C /* Landmarks */;
			targetProxy = 525ADB0826A39CB700E7082C /* PBXContainerItemProxy */;
		};
		525ADB1426A39CB700E7082C /* PBXTargetDependency */ = {
			isa = PBXTargetDependency;
			target = 525ADAF526A39CB400E7082C /* Landmarks */;
			targetProxy = 525ADB1326A39CB700E7082C /* PBXContainerItemProxy */;
		};
/* End PBXTargetDependency section */

/* Begin XCBuildConfiguration section */
		525ADB1926A39CB700E7082C /* Debug */ = {
			isa = XCBuildConfiguration;
			buildSettings = {
				ALWAYS_SEARCH_USER_PATHS = NO;
				CLANG_ANALYZER_NONNULL = YES;
				CLANG_ANALYZER_NUMBER_OBJECT_CONVERSION = YES_AGGRESSIVE;
				CLANG_CXX_LANGUAGE_STANDARD = "gnu++14";
				CLANG_CXX_LIBRARY = "libc++";
				CLANG_ENABLE_MODULES = YES;
				CLANG_ENABLE_OBJC_ARC = YES;
				CLANG_ENABLE_OBJC_WEAK = YES;
				CLANG_WARN_BLOCK_CAPTURE_AUTORELEASING = YES;
				CLANG_WARN_BOOL_CONVERSION = YES;
				CLANG_WARN_COMMA = YES;
				CLANG_WARN_CONSTANT_CONVERSION = YES;
				CLANG_WARN_DEPRECATED_OBJC_IMPLEMENTATIONS = YES;
				CLANG_WARN_DIRECT_OBJC_ISA_USAGE = YES_ERROR;
				CLANG_WARN_DOCUMENTATION_COMMENTS = YES;
				CLANG_WARN_EMPTY_BODY = YES;
				CLANG_WARN_ENUM_CONVERSION = YES;
				CLANG_WARN_INFINITE_RECURSION = YES;
				CLANG_WARN_INT_CONVERSION = YES;
				CLANG_WARN_NON_LITERAL_NULL_CONVERSION = YES;
				CLANG_WARN_OBJC_IMPLICIT_RETAIN_SELF = YES;
				CLANG_WARN_OBJC_LITERAL_CONVERSION = YES;
				CLANG_WARN_OBJC_ROOT_CLASS = YES_ERROR;
				CLANG_WARN_QUOTED_INCLUDE_IN_FRAMEWORK_HEADER = YES;
				CLANG_WARN_RANGE_LOOP_ANALYSIS = YES;
				CLANG_WARN_STRICT_PROTOTYPES = YES;
				CLANG_WARN_SUSPICIOUS_MOVE = YES;
				CLANG_WARN_UNGUARDED_AVAILABILITY = YES_AGGRESSIVE;
				CLANG_WARN_UNREACHABLE_CODE = YES;
				CLANG_WARN__DUPLICATE_METHOD_MATCH = YES;
				COPY_PHASE_STRIP = NO;
				DEBUG_INFORMATION_FORMAT = dwarf;
				ENABLE_STRICT_OBJC_MSGSEND = YES;
				ENABLE_TESTABILITY = YES;
				GCC_C_LANGUAGE_STANDARD = gnu11;
				GCC_DYNAMIC_NO_PIC = NO;
				GCC_NO_COMMON_BLOCKS = YES;
				GCC_OPTIMIZATION_LEVEL = 0;
				GCC_PREPROCESSOR_DEFINITIONS = (
					"DEBUG=1",
					"$(inherited)",
				);
				GCC_WARN_64_TO_32_BIT_CONVERSION = YES;
				GCC_WARN_ABOUT_RETURN_TYPE = YES_ERROR;
				GCC_WARN_UNDECLARED_SELECTOR = YES;
				GCC_WARN_UNINITIALIZED_AUTOS = YES_AGGRESSIVE;
				GCC_WARN_UNUSED_FUNCTION = YES;
				GCC_WARN_UNUSED_VARIABLE = YES;
				IPHONEOS_DEPLOYMENT_TARGET = 14.5;
				MTL_ENABLE_DEBUG_INFO = INCLUDE_SOURCE;
				MTL_FAST_MATH = YES;
				ONLY_ACTIVE_ARCH = YES;
				SDKROOT = iphoneos;
				SWIFT_ACTIVE_COMPILATION_CONDITIONS = DEBUG;
				SWIFT_OPTIMIZATION_LEVEL = "-Onone";
			};
			name = Debug;
		};
		525ADB1A26A39CB700E7082C /* Release */ = {
			isa = XCBuildConfiguration;
			buildSettings = {
				ALWAYS_SEARCH_USER_PATHS = NO;
				CLANG_ANALYZER_NONNULL = YES;
				CLANG_ANALYZER_NUMBER_OBJECT_CONVERSION = YES_AGGRESSIVE;
				CLANG_CXX_LANGUAGE_STANDARD = "gnu++14";
				CLANG_CXX_LIBRARY = "libc++";
				CLANG_ENABLE_MODULES = YES;
				CLANG_ENABLE_OBJC_ARC = YES;
				CLANG_ENABLE_OBJC_WEAK = YES;
				CLANG_WARN_BLOCK_CAPTURE_AUTORELEASING = YES;
				CLANG_WARN_BOOL_CONVERSION = YES;
				CLANG_WARN_COMMA = YES;
				CLANG_WARN_CONSTANT_CONVERSION = YES;
				CLANG_WARN_DEPRECATED_OBJC_IMPLEMENTATIONS = YES;
				CLANG_WARN_DIRECT_OBJC_ISA_USAGE = YES_ERROR;
				CLANG_WARN_DOCUMENTATION_COMMENTS = YES;
				CLANG_WARN_EMPTY_BODY = YES;
				CLANG_WARN_ENUM_CONVERSION = YES;
				CLANG_WARN_INFINITE_RECURSION = YES;
				CLANG_WARN_INT_CONVERSION = YES;
				CLANG_WARN_NON_LITERAL_NULL_CONVERSION = YES;
				CLANG_WARN_OBJC_IMPLICIT_RETAIN_SELF = YES;
				CLANG_WARN_OBJC_LITERAL_CONVERSION = YES;
				CLANG_WARN_OBJC_ROOT_CLASS = YES_ERROR;
				CLANG_WARN_QUOTED_INCLUDE_IN_FRAMEWORK_HEADER = YES;
				CLANG_WARN_RANGE_LOOP_ANALYSIS = YES;
				CLANG_WARN_STRICT_PROTOTYPES = YES;
				CLANG_WARN_SUSPICIOUS_MOVE = YES;
				CLANG_WARN_UNGUARDED_AVAILABILITY = YES_AGGRESSIVE;
				CLANG_WARN_UNREACHABLE_CODE = YES;
				CLANG_WARN__DUPLICATE_METHOD_MATCH = YES;
				COPY_PHASE_STRIP = NO;
				DEBUG_INFORMATION_FORMAT = "dwarf-with-dsym";
				ENABLE_NS_ASSERTIONS = NO;
				ENABLE_STRICT_OBJC_MSGSEND = YES;
				GCC_C_LANGUAGE_STANDARD = gnu11;
				GCC_NO_COMMON_BLOCKS = YES;
				GCC_WARN_64_TO_32_BIT_CONVERSION = YES;
				GCC_WARN_ABOUT_RETURN_TYPE = YES_ERROR;
				GCC_WARN_UNDECLARED_SELECTOR = YES;
				GCC_WARN_UNINITIALIZED_AUTOS = YES_AGGRESSIVE;
				GCC_WARN_UNUSED_FUNCTION = YES;
				GCC_WARN_UNUSED_VARIABLE = YES;
				IPHONEOS_DEPLOYMENT_TARGET = 14.5;
				MTL_ENABLE_DEBUG_INFO = NO;
				MTL_FAST_MATH = YES;
				SDKROOT = iphoneos;
				SWIFT_COMPILATION_MODE = wholemodule;
				SWIFT_OPTIMIZATION_LEVEL = "-O";
				VALIDATE_PRODUCT = YES;
			};
			name = Release;
		};
		525ADB1C26A39CB700E7082C /* Debug */ = {
			isa = XCBuildConfiguration;
			buildSettings = {
				ASSETCATALOG_COMPILER_APPICON_NAME = AppIcon;
				ASSETCATALOG_COMPILER_GLOBAL_ACCENT_COLOR_NAME = AccentColor;
				CODE_SIGN_IDENTITY = "Apple Development";
				CODE_SIGN_STYLE = Automatic;
				DEVELOPMENT_ASSET_PATHS = "\"Landmarks/Preview Content\"";
				DEVELOPMENT_TEAM = 754Q8LFHLC;
				ENABLE_PREVIEWS = YES;
				INFOPLIST_FILE = Landmarks/Info.plist;
				IPHONEOS_DEPLOYMENT_TARGET = 14.0;
				LD_RUNPATH_SEARCH_PATHS = (
					"$(inherited)",
					"@executable_path/Frameworks",
				);
				PRODUCT_BUNDLE_IDENTIFIER = johnturner4004.landmarks;
				PRODUCT_NAME = "$(TARGET_NAME)";
				PROVISIONING_PROFILE_SPECIFIER = "";
				SWIFT_VERSION = 5.0;
				TARGETED_DEVICE_FAMILY = "1,2";
			};
			name = Debug;
		};
		525ADB1D26A39CB700E7082C /* Release */ = {
			isa = XCBuildConfiguration;
			buildSettings = {
				ASSETCATALOG_COMPILER_APPICON_NAME = AppIcon;
				ASSETCATALOG_COMPILER_GLOBAL_ACCENT_COLOR_NAME = AccentColor;
				CODE_SIGN_IDENTITY = "Apple Development";
				CODE_SIGN_STYLE = Automatic;
				DEVELOPMENT_ASSET_PATHS = "\"Landmarks/Preview Content\"";
				DEVELOPMENT_TEAM = 754Q8LFHLC;
				ENABLE_PREVIEWS = YES;
				INFOPLIST_FILE = Landmarks/Info.plist;
				IPHONEOS_DEPLOYMENT_TARGET = 14.0;
				LD_RUNPATH_SEARCH_PATHS = (
					"$(inherited)",
					"@executable_path/Frameworks",
				);
				PRODUCT_BUNDLE_IDENTIFIER = johnturner4004.landmarks;
				PRODUCT_NAME = "$(TARGET_NAME)";
				PROVISIONING_PROFILE_SPECIFIER = "";
				SWIFT_VERSION = 5.0;
				TARGETED_DEVICE_FAMILY = "1,2";
			};
			name = Release;
		};
		525ADB1F26A39CB800E7082C /* Debug */ = {
			isa = XCBuildConfiguration;
			buildSettings = {
				ALWAYS_EMBED_SWIFT_STANDARD_LIBRARIES = YES;
				BUNDLE_LOADER = "$(TEST_HOST)";
				CODE_SIGN_STYLE = Automatic;
				INFOPLIST_FILE = LandmarksTests/Info.plist;
				IPHONEOS_DEPLOYMENT_TARGET = 14.0;
				LD_RUNPATH_SEARCH_PATHS = (
					"$(inherited)",
					"@executable_path/Frameworks",
					"@loader_path/Frameworks",
				);
				PRODUCT_BUNDLE_IDENTIFIER = com.example.LandmarksTests;
				PRODUCT_NAME = "$(TARGET_NAME)";
				SWIFT_VERSION = 5.0;
				TARGETED_DEVICE_FAMILY = "1,2";
				TEST_HOST = "$(BUILT_PRODUCTS_DIR)/Landmarks.app/Landmarks";
			};
			name = Debug;
		};
		525ADB2026A39CB800E7082C /* Release */ = {
			isa = XCBuildConfiguration;
			buildSettings = {
				ALWAYS_EMBED_SWIFT_STANDARD_LIBRARIES = YES;
				BUNDLE_LOADER = "$(TEST_HOST)";
				CODE_SIGN_STYLE = Automatic;
				INFOPLIST_FILE = LandmarksTests/Info.plist;
				IPHONEOS_DEPLOYMENT_TARGET = 14.0;
				LD_RUNPATH_SEARCH_PATHS = (
					"$(inherited)",
					"@executable_path/Frameworks",
					"@loader_path/Frameworks",
				);
				PRODUCT_BUNDLE_IDENTIFIER = com.example.LandmarksTests;
				PRODUCT_NAME = "$(TARGET_NAME)";
				SWIFT_VERSION = 5.0;
				TARGETED_DEVICE_FAMILY = "1,2";
				TEST_HOST = "$(BUILT_PRODUCTS_DIR)/Landmarks.app/Landmarks";
			};
			name = Release;
		};
		525ADB2226A39CB800E7082C /* Debug */ = {
			isa = XCBuildConfiguration;
			buildSettings = {
				ALWAYS_EMBED_SWIFT_STANDARD_LIBRARIES = YES;
				CODE_SIGN_STYLE = Automatic;
				INFOPLIST_FILE = LandmarksUITests/Info.plist;
				LD_RUNPATH_SEARCH_PATHS = (
					"$(inherited)",
					"@executable_path/Frameworks",
					"@loader_path/Frameworks",
				);
				PRODUCT_BUNDLE_IDENTIFIER = com.example.LandmarksUITests;
				PRODUCT_NAME = "$(TARGET_NAME)";
				SWIFT_VERSION = 5.0;
				TARGETED_DEVICE_FAMILY = "1,2";
				TEST_TARGET_NAME = Landmarks;
			};
			name = Debug;
		};
		525ADB2326A39CB800E7082C /* Release */ = {
			isa = XCBuildConfiguration;
			buildSettings = {
				ALWAYS_EMBED_SWIFT_STANDARD_LIBRARIES = YES;
				CODE_SIGN_STYLE = Automatic;
				INFOPLIST_FILE = LandmarksUITests/Info.plist;
				LD_RUNPATH_SEARCH_PATHS = (
					"$(inherited)",
					"@executable_path/Frameworks",
					"@loader_path/Frameworks",
				);
				PRODUCT_BUNDLE_IDENTIFIER = com.example.LandmarksUITests;
				PRODUCT_NAME = "$(TARGET_NAME)";
				SWIFT_VERSION = 5.0;
				TARGETED_DEVICE_FAMILY = "1,2";
				TEST_TARGET_NAME = Landmarks;
			};
			name = Release;
		};
/* End XCBuildConfiguration section */

/* Begin XCConfigurationList section */
		525ADAF126A39CB400E7082C /* Build configuration list for PBXProject "Landmarks" */ = {
			isa = XCConfigurationList;
			buildConfigurations = (
				525ADB1926A39CB700E7082C /* Debug */,
				525ADB1A26A39CB700E7082C /* Release */,
			);
			defaultConfigurationIsVisible = 0;
			defaultConfigurationName = Release;
		};
		525ADB1B26A39CB700E7082C /* Build configuration list for PBXNativeTarget "Landmarks" */ = {
			isa = XCConfigurationList;
			buildConfigurations = (
				525ADB1C26A39CB700E7082C /* Debug */,
				525ADB1D26A39CB700E7082C /* Release */,
			);
			defaultConfigurationIsVisible = 0;
			defaultConfigurationName = Release;
		};
		525ADB1E26A39CB800E7082C /* Build configuration list for PBXNativeTarget "LandmarksTests" */ = {
			isa = XCConfigurationList;
			buildConfigurations = (
				525ADB1F26A39CB800E7082C /* Debug */,
				525ADB2026A39CB800E7082C /* Release */,
			);
			defaultConfigurationIsVisible = 0;
			defaultConfigurationName = Release;
		};
		525ADB2126A39CB800E7082C /* Build configuration list for PBXNativeTarget "LandmarksUITests" */ = {
			isa = XCConfigurationList;
			buildConfigurations = (
				525ADB2226A39CB800E7082C /* Debug */,
				525ADB2326A39CB800E7082C /* Release */,
			);
			defaultConfigurationIsVisible = 0;
			defaultConfigurationName = Release;
		};
/* End XCConfigurationList section */
	};
	rootObject = 525ADAEE26A39CB400E7082C /* Project object */;
}
